
Microsoft Visual Studio Solution File, Format Version 12.00
# Visual Studio Version 16
VisualStudioVersion = 16.0.31112.23
MinimumVisualStudioVersion = 10.0.40219.1
Project("{FAE04EC0-301F-11D3-BF4B-00C04F79EFBC}") = "BeanBattlesMapMaker", "BeanBattlesMapMaker.csproj", "{C2559BC5-0040-4DBA-833A-D9EEF6027D91}"
EndProject
Global
	GlobalSection(SolutionConfigurationPlatforms) = preSolution
		Debug|Any CPU = Debug|Any CPU
		Release|Any CPU = Release|Any CPU
	EndGlobalSection
	GlobalSection(ProjectConfigurationPlatforms) = postSolution
		{C2559BC5-0040-4DBA-833A-D9EEF6027D91}.Debug|Any CPU.ActiveCfg = Debug|Any CPU
		{C2559BC5-0040-4DBA-833A-D9EEF6027D91}.Debug|Any CPU.Build.0 = Debug|Any CPU
		{C2559BC5-0040-4DBA-833A-D9EEF6027D91}.Release|Any CPU.ActiveCfg = Release|Any CPU
		{C2559BC5-0040-4DBA-833A-D9EEF6027D91}.Release|Any CPU.Build.0 = Release|Any CPU
	EndGlobalSection
	GlobalSection(SolutionProperties) = preSolution
		HideSolutionNode = FALSE
	EndGlobalSection
	GlobalSection(ExtensibilityGlobals) = postSolution
		SolutionGuid = {0E1C11FF-B8F0-4336-81AF-8B42ADEFA282}
	EndGlobalSection
EndGlobal
